
Microsoft Visual Studio Solution File, Format Version 12.00
# Visual Studio 15
VisualStudioVersion = 15.0.27428.2037
MinimumVisualStudioVersion = 10.0.40219.1
Project("{8BC9CEB8-8B4A-11D0-8D11-00A0C91BC942}") = "Clase Polimorfismo o algo", "Clase Polimorfismo o algo\Clase Polimorfismo o algo.vcxproj", "{DD0EFDE8-934A-41A8-A54C-0DBF87EEF4D9}"
EndProject
Global
	GlobalSection(SolutionConfigurationPlatforms) = preSolution
		Debug|x64 = Debug|x64
		Debug|x86 = Debug|x86
		Release|x64 = Release|x64
		Release|x86 = Release|x86
	EndGlobalSection
	GlobalSection(ProjectConfigurationPlatforms) = postSolution
		{DD0EFDE8-934A-41A8-A54C-0DBF87EEF4D9}.Debug|x64.ActiveCfg = Debug|x64
		{DD0EFDE8-934A-41A8-A54C-0DBF87EEF4D9}.Debug|x64.Build.0 = Debug|x64
		{DD0EFDE8-934A-41A8-A54C-0DBF87EEF4D9}.Debug|x86.ActiveCfg = Debug|Win32
		{DD0EFDE8-934A-41A8-A54C-0DBF87EEF4D9}.Debug|x86.Build.0 = Debug|Win32
		{DD0EFDE8-934A-41A8-A54C-0DBF87EEF4D9}.Release|x64.ActiveCfg = Release|x64
		{DD0EFDE8-934A-41A8-A54C-0DBF87EEF4D9}.Release|x64.Build.0 = Release|x64
		{DD0EFDE8-934A-41A8-A54C-0DBF87EEF4D9}.Release|x86.ActiveCfg = Release|Win32
		{DD0EFDE8-934A-41A8-A54C-0DBF87EEF4D9}.Release|x86.Build.0 = Release|Win32
	EndGlobalSection
	GlobalSection(SolutionProperties) = preSolution
		HideSolutionNode = FALSE
	EndGlobalSection
	GlobalSection(ExtensibilityGlobals) = postSolution
		SolutionGuid = {FF021873-B7F6-444D-A9B9-A5DD1B812492}
	EndGlobalSection
EndGlobal
